
Microsoft Visual Studio Solution File, Format Version 12.00
# Visual Studio 15
VisualStudioVersion = 15.0.28307.572
MinimumVisualStudioVersion = 10.0.40219.1
Project("{FAE04EC0-301F-11D3-BF4B-00C04F79EFBC}") = "MarathonApplication", "MarathonApplication\MarathonApplication.csproj", "{BB1B5C0B-D693-416D-A477-3E1BC4BA96FC}"
EndProject
Global
	GlobalSection(SolutionConfigurationPlatforms) = preSolution
		Debug|Any CPU = Debug|Any CPU
		Release|Any CPU = Release|Any CPU
	EndGlobalSection
	GlobalSection(ProjectConfigurationPlatforms) = postSolution
		{BB1B5C0B-D693-416D-A477-3E1BC4BA96FC}.Debug|Any CPU.ActiveCfg = Debug|Any CPU
		{BB1B5C0B-D693-416D-A477-3E1BC4BA96FC}.Debug|Any CPU.Build.0 = Debug|Any CPU
		{BB1B5C0B-D693-416D-A477-3E1BC4BA96FC}.Release|Any CPU.ActiveCfg = Release|Any CPU
		{BB1B5C0B-D693-416D-A477-3E1BC4BA96FC}.Release|Any CPU.Build.0 = Release|Any CPU
	EndGlobalSection
	GlobalSection(SolutionProperties) = preSolution
		HideSolutionNode = FALSE
	EndGlobalSection
	GlobalSection(ExtensibilityGlobals) = postSolution
		SolutionGuid = {C82E44BF-3637-4D7D-9144-C80AFC8215E5}
	EndGlobalSection
EndGlobal
